
Microsoft Visual Studio Solution File, Format Version 12.00
# Visual Studio Version 16
VisualStudioVersion = 16.0.30204.135
MinimumVisualStudioVersion = 10.0.40219.1
Project("{FAE04EC0-301F-11D3-BF4B-00C04F79EFBC}") = "SmsParser2", "SmsParser2\SmsParser2.csproj", "{3B9B62DB-3B4D-434A-8702-B4D57CCAAA64}"
EndProject
Global
	GlobalSection(SolutionConfigurationPlatforms) = preSolution
		Debug|Any CPU = Debug|Any CPU
		Release|Any CPU = Release|Any CPU
	EndGlobalSection
	GlobalSection(ProjectConfigurationPlatforms) = postSolution
		{3B9B62DB-3B4D-434A-8702-B4D57CCAAA64}.Debug|Any CPU.ActiveCfg = Debug|Any CPU
		{3B9B62DB-3B4D-434A-8702-B4D57CCAAA64}.Debug|Any CPU.Build.0 = Debug|Any CPU
		{3B9B62DB-3B4D-434A-8702-B4D57CCAAA64}.Release|Any CPU.ActiveCfg = Release|Any CPU
		{3B9B62DB-3B4D-434A-8702-B4D57CCAAA64}.Release|Any CPU.Build.0 = Release|Any CPU
	EndGlobalSection
	GlobalSection(SolutionProperties) = preSolution
		HideSolutionNode = FALSE
	EndGlobalSection
	GlobalSection(ExtensibilityGlobals) = postSolution
		SolutionGuid = {1F65FD4E-9C77-4941-AF5E-70A3759F33E4}
	EndGlobalSection
EndGlobal
